// !$*UTF8*$!
{
	archiveVersion = 1;
	classes = {
	};
	objectVersion = 46;
	objects = {

/* Begin PBXBuildFile section */
		233BF36E1CD4880A00A536AB /* BeerJSONParserTests.swift in Sources */ = {isa = PBXBuildFile; fileRef = 233BF36D1CD4880A00A536AB /* BeerJSONParserTests.swift */; };
		233CB5C21CD47E10000E36B7 /* JSONParser.swift in Sources */ = {isa = PBXBuildFile; fileRef = 233CB5C11CD47E10000E36B7 /* JSONParser.swift */; };
		233CB5CD1CD48520000E36B7 /* testBeerJSON.json in Resources */ = {isa = PBXBuildFile; fileRef = 233CB5CC1CD48520000E36B7 /* testBeerJSON.json */; };
		233ECF031C4063A40050971B /* BeerRequest.swift in Sources */ = {isa = PBXBuildFile; fileRef = 233ECF021C4063A40050971B /* BeerRequest.swift */; };
		233ECF051C4063CC0050971B /* BeerRequestTests.swift in Sources */ = {isa = PBXBuildFile; fileRef = 233ECF041C4063CC0050971B /* BeerRequestTests.swift */; };
		23849A8A1CD6DAC800C72F24 /* BreweryJSONParserTests.swift in Sources */ = {isa = PBXBuildFile; fileRef = 23849A891CD6DAC800C72F24 /* BreweryJSONParserTests.swift */; };
		23849A8C1CD6DD2900C72F24 /* testBreweryJSON.json in Resources */ = {isa = PBXBuildFile; fileRef = 23849A8B1CD6DD2900C72F24 /* testBreweryJSON.json */; };
		23849A8E1CD6ECFE00C72F24 /* ImageURLSet.swift in Sources */ = {isa = PBXBuildFile; fileRef = 23849A8D1CD6ECFE00C72F24 /* ImageURLSet.swift */; };
		238646041CD3F4CC00170B2D /* Brewery.swift in Sources */ = {isa = PBXBuildFile; fileRef = 238646031CD3F4CC00170B2D /* Brewery.swift */; };
		238646061CD3F6FD00170B2D /* BreweryRequest.swift in Sources */ = {isa = PBXBuildFile; fileRef = 238646051CD3F6FD00170B2D /* BreweryRequest.swift */; };
		238646091CD3F81100170B2D /* BreweryTests.swift in Sources */ = {isa = PBXBuildFile; fileRef = 238646081CD3F81100170B2D /* BreweryTests.swift */; };
		2386460D1CD3FBB100170B2D /* BreweryRequestTests.swift in Sources */ = {isa = PBXBuildFile; fileRef = 2386460C1CD3FBB100170B2D /* BreweryRequestTests.swift */; };
		2398559C1CE100A0001CA4AC /* Available.swift in Sources */ = {isa = PBXBuildFile; fileRef = 2398559B1CE100A0001CA4AC /* Available.swift */; };
		23DF758B1C5D0E9C00D5D218 /* RequestBuilder.swift in Sources */ = {isa = PBXBuildFile; fileRef = 23DF758A1C5D0E9C00D5D218 /* RequestBuilder.swift */; };
		23DF758D1C5D14D700D5D218 /* RequestBuilderTests.swift in Sources */ = {isa = PBXBuildFile; fileRef = 23DF758C1C5D14D700D5D218 /* RequestBuilderTests.swift */; };
		23ECAC2B1CDF9B1100DCAB08 /* Glass.swift in Sources */ = {isa = PBXBuildFile; fileRef = 23ECAC2A1CDF9B1100DCAB08 /* Glass.swift */; };
		23FF53C61C397A7B0094249C /* BreweryDB.h in Headers */ = {isa = PBXBuildFile; fileRef = 23FF53C51C397A7B0094249C /* BreweryDB.h */; settings = {ATTRIBUTES = (Public, ); }; };
		23FF53CD1C397A7B0094249C /* BreweryDB.framework in Frameworks */ = {isa = PBXBuildFile; fileRef = 23FF53C21C397A7B0094249C /* BreweryDB.framework */; };
		23FF53D21C397A7B0094249C /* BreweryDBTests.swift in Sources */ = {isa = PBXBuildFile; fileRef = 23FF53D11C397A7B0094249C /* BreweryDBTests.swift */; };
		23FF53E41C39831B0094249C /* BreweryDB.swift in Sources */ = {isa = PBXBuildFile; fileRef = 23FF53E31C39831B0094249C /* BreweryDB.swift */; };
		23FF53E61C3985660094249C /* Beer.swift in Sources */ = {isa = PBXBuildFile; fileRef = 23FF53E51C3985660094249C /* Beer.swift */; };
		23FF53E81C3985760094249C /* BeerTests.swift in Sources */ = {isa = PBXBuildFile; fileRef = 23FF53E71C3985760094249C /* BeerTests.swift */; };
		39300FC8453F9B4B9A1322F5 /* Pods_BreweryDBTests.framework in Frameworks */ = {isa = PBXBuildFile; fileRef = A8B9A98A1C0E7F897267F299 /* Pods_BreweryDBTests.framework */; };
/* End PBXBuildFile section */

/* Begin PBXContainerItemProxy section */
		23FF53CE1C397A7B0094249C /* PBXContainerItemProxy */ = {
			isa = PBXContainerItemProxy;
			containerPortal = 23FF53B91C397A7B0094249C /* Project object */;
			proxyType = 1;
			remoteGlobalIDString = 23FF53C11C397A7B0094249C;
			remoteInfo = BreweryDB;
		};
/* End PBXContainerItemProxy section */

/* Begin PBXFileReference section */
		233BF36D1CD4880A00A536AB /* BeerJSONParserTests.swift */ = {isa = PBXFileReference; fileEncoding = 4; lastKnownFileType = sourcecode.swift; path = BeerJSONParserTests.swift; sourceTree = "<group>"; };
		233CB5C11CD47E10000E36B7 /* JSONParser.swift */ = {isa = PBXFileReference; fileEncoding = 4; lastKnownFileType = sourcecode.swift; path = JSONParser.swift; sourceTree = "<group>"; };
		233CB5CC1CD48520000E36B7 /* testBeerJSON.json */ = {isa = PBXFileReference; fileEncoding = 4; lastKnownFileType = text.json; path = testBeerJSON.json; sourceTree = "<group>"; };
		233ECF021C4063A40050971B /* BeerRequest.swift */ = {isa = PBXFileReference; fileEncoding = 4; lastKnownFileType = sourcecode.swift; path = BeerRequest.swift; sourceTree = "<group>"; };
		233ECF041C4063CC0050971B /* BeerRequestTests.swift */ = {isa = PBXFileReference; fileEncoding = 4; lastKnownFileType = sourcecode.swift; path = BeerRequestTests.swift; sourceTree = "<group>"; };
		23561F2D1C70EB8F00B2454A /* BreweryDBTests-Bridging-Header.h */ = {isa = PBXFileReference; lastKnownFileType = sourcecode.c.h; path = "BreweryDBTests-Bridging-Header.h"; sourceTree = "<group>"; };
		23849A891CD6DAC800C72F24 /* BreweryJSONParserTests.swift */ = {isa = PBXFileReference; fileEncoding = 4; lastKnownFileType = sourcecode.swift; path = BreweryJSONParserTests.swift; sourceTree = "<group>"; };
		23849A8B1CD6DD2900C72F24 /* testBreweryJSON.json */ = {isa = PBXFileReference; fileEncoding = 4; lastKnownFileType = text.json; path = testBreweryJSON.json; sourceTree = "<group>"; };
		23849A8D1CD6ECFE00C72F24 /* ImageURLSet.swift */ = {isa = PBXFileReference; fileEncoding = 4; lastKnownFileType = sourcecode.swift; path = ImageURLSet.swift; sourceTree = "<group>"; };
		238646031CD3F4CC00170B2D /* Brewery.swift */ = {isa = PBXFileReference; fileEncoding = 4; lastKnownFileType = sourcecode.swift; path = Brewery.swift; sourceTree = "<group>"; };
		238646051CD3F6FD00170B2D /* BreweryRequest.swift */ = {isa = PBXFileReference; fileEncoding = 4; lastKnownFileType = sourcecode.swift; path = BreweryRequest.swift; sourceTree = "<group>"; };
		238646081CD3F81100170B2D /* BreweryTests.swift */ = {isa = PBXFileReference; fileEncoding = 4; lastKnownFileType = sourcecode.swift; path = BreweryTests.swift; sourceTree = "<group>"; };
		2386460C1CD3FBB100170B2D /* BreweryRequestTests.swift */ = {isa = PBXFileReference; fileEncoding = 4; lastKnownFileType = sourcecode.swift; path = BreweryRequestTests.swift; sourceTree = "<group>"; };
		2398559B1CE100A0001CA4AC /* Available.swift */ = {isa = PBXFileReference; fileEncoding = 4; lastKnownFileType = sourcecode.swift; path = Available.swift; sourceTree = "<group>"; };
		23DF758A1C5D0E9C00D5D218 /* RequestBuilder.swift */ = {isa = PBXFileReference; fileEncoding = 4; lastKnownFileType = sourcecode.swift; path = RequestBuilder.swift; sourceTree = "<group>"; };
		23DF758C1C5D14D700D5D218 /* RequestBuilderTests.swift */ = {isa = PBXFileReference; fileEncoding = 4; lastKnownFileType = sourcecode.swift; path = RequestBuilderTests.swift; sourceTree = "<group>"; };
		23ECAC2A1CDF9B1100DCAB08 /* Glass.swift */ = {isa = PBXFileReference; fileEncoding = 4; lastKnownFileType = sourcecode.swift; path = Glass.swift; sourceTree = "<group>"; };
		23FF53C21C397A7B0094249C /* BreweryDB.framework */ = {isa = PBXFileReference; explicitFileType = wrapper.framework; includeInIndex = 0; path = BreweryDB.framework; sourceTree = BUILT_PRODUCTS_DIR; };
		23FF53C51C397A7B0094249C /* BreweryDB.h */ = {isa = PBXFileReference; lastKnownFileType = sourcecode.c.h; path = BreweryDB.h; sourceTree = "<group>"; };
		23FF53C71C397A7B0094249C /* Info.plist */ = {isa = PBXFileReference; lastKnownFileType = text.plist.xml; path = Info.plist; sourceTree = "<group>"; };
		23FF53CC1C397A7B0094249C /* BreweryDBTests.xctest */ = {isa = PBXFileReference; explicitFileType = wrapper.cfbundle; includeInIndex = 0; path = BreweryDBTests.xctest; sourceTree = BUILT_PRODUCTS_DIR; };
		23FF53D11C397A7B0094249C /* BreweryDBTests.swift */ = {isa = PBXFileReference; lastKnownFileType = sourcecode.swift; path = BreweryDBTests.swift; sourceTree = "<group>"; };
		23FF53D31C397A7B0094249C /* Info.plist */ = {isa = PBXFileReference; lastKnownFileType = text.plist.xml; path = Info.plist; sourceTree = "<group>"; };
		23FF53E31C39831B0094249C /* BreweryDB.swift */ = {isa = PBXFileReference; fileEncoding = 4; lastKnownFileType = sourcecode.swift; path = BreweryDB.swift; sourceTree = "<group>"; };
		23FF53E51C3985660094249C /* Beer.swift */ = {isa = PBXFileReference; fileEncoding = 4; lastKnownFileType = sourcecode.swift; path = Beer.swift; sourceTree = "<group>"; };
		23FF53E71C3985760094249C /* BeerTests.swift */ = {isa = PBXFileReference; fileEncoding = 4; lastKnownFileType = sourcecode.swift; path = BeerTests.swift; sourceTree = "<group>"; };
		6D6E09977C417B5C266478E3 /* Pods-BreweryDBTests.release.xcconfig */ = {isa = PBXFileReference; includeInIndex = 1; lastKnownFileType = text.xcconfig; name = "Pods-BreweryDBTests.release.xcconfig"; path = "Pods/Target Support Files/Pods-BreweryDBTests/Pods-BreweryDBTests.release.xcconfig"; sourceTree = "<group>"; };
		9DE5DF23C3227D92002200AE /* Pods-BreweryDBTests.debug.xcconfig */ = {isa = PBXFileReference; includeInIndex = 1; lastKnownFileType = text.xcconfig; name = "Pods-BreweryDBTests.debug.xcconfig"; path = "Pods/Target Support Files/Pods-BreweryDBTests/Pods-BreweryDBTests.debug.xcconfig"; sourceTree = "<group>"; };
		A8B9A98A1C0E7F897267F299 /* Pods_BreweryDBTests.framework */ = {isa = PBXFileReference; explicitFileType = wrapper.framework; includeInIndex = 0; path = Pods_BreweryDBTests.framework; sourceTree = BUILT_PRODUCTS_DIR; };
/* End PBXFileReference section */

/* Begin PBXFrameworksBuildPhase section */
		23FF53BE1C397A7B0094249C /* Frameworks */ = {
			isa = PBXFrameworksBuildPhase;
			buildActionMask = 2147483647;
			files = (
			);
			runOnlyForDeploymentPostprocessing = 0;
		};
		23FF53C91C397A7B0094249C /* Frameworks */ = {
			isa = PBXFrameworksBuildPhase;
			buildActionMask = 2147483647;
			files = (
				23FF53CD1C397A7B0094249C /* BreweryDB.framework in Frameworks */,
				39300FC8453F9B4B9A1322F5 /* Pods_BreweryDBTests.framework in Frameworks */,
			);
			runOnlyForDeploymentPostprocessing = 0;
		};
/* End PBXFrameworksBuildPhase section */

/* Begin PBXGroup section */
		05A96B4A1A4D76C91CDA2DBA /* Frameworks */ = {
			isa = PBXGroup;
			children = (
				A8B9A98A1C0E7F897267F299 /* Pods_BreweryDBTests.framework */,
			);
			name = Frameworks;
			sourceTree = "<group>";
		};
		238646011CD3F47000170B2D /* Beer */ = {
			isa = PBXGroup;
			children = (
				23FF53E51C3985660094249C /* Beer.swift */,
				233ECF021C4063A40050971B /* BeerRequest.swift */,
			);
			name = Beer;
			sourceTree = "<group>";
		};
		238646021CD3F47700170B2D /* BeerTests */ = {
			isa = PBXGroup;
			children = (
				233CB5CC1CD48520000E36B7 /* testBeerJSON.json */,
				23FF53E71C3985760094249C /* BeerTests.swift */,
				233ECF041C4063CC0050971B /* BeerRequestTests.swift */,
				233BF36D1CD4880A00A536AB /* BeerJSONParserTests.swift */,
			);
			name = BeerTests;
			sourceTree = "<group>";
		};
		238646071CD3F7D200170B2D /* Brewery */ = {
			isa = PBXGroup;
			children = (
				238646031CD3F4CC00170B2D /* Brewery.swift */,
				238646051CD3F6FD00170B2D /* BreweryRequest.swift */,
			);
			name = Brewery;
			sourceTree = "<group>";
		};
		2386460E1CD3FE1D00170B2D /* BreweryTests */ = {
			isa = PBXGroup;
			children = (
				23849A8B1CD6DD2900C72F24 /* testBreweryJSON.json */,
				238646081CD3F81100170B2D /* BreweryTests.swift */,
				2386460C1CD3FBB100170B2D /* BreweryRequestTests.swift */,
				23849A891CD6DAC800C72F24 /* BreweryJSONParserTests.swift */,
			);
			name = BreweryTests;
			sourceTree = "<group>";
		};
		23FF53B81C397A7B0094249C = {
			isa = PBXGroup;
			children = (
				23FF53C41C397A7B0094249C /* BreweryDB */,
				23FF53D01C397A7B0094249C /* BreweryDBTests */,
				23FF53C31C397A7B0094249C /* Products */,
				301A9BEC1D3A337499F5A2A8 /* Pods */,
				05A96B4A1A4D76C91CDA2DBA /* Frameworks */,
			);
			sourceTree = "<group>";
		};
		23FF53C31C397A7B0094249C /* Products */ = {
			isa = PBXGroup;
			children = (
				23FF53C21C397A7B0094249C /* BreweryDB.framework */,
				23FF53CC1C397A7B0094249C /* BreweryDBTests.xctest */,
			);
			name = Products;
			sourceTree = "<group>";
		};
		23FF53C41C397A7B0094249C /* BreweryDB */ = {
			isa = PBXGroup;
			children = (
				23FF53C51C397A7B0094249C /* BreweryDB.h */,
				23FF53C71C397A7B0094249C /* Info.plist */,
				23FF53E31C39831B0094249C /* BreweryDB.swift */,
				233CB5C11CD47E10000E36B7 /* JSONParser.swift */,
				23DF758A1C5D0E9C00D5D218 /* RequestBuilder.swift */,
				23849A8D1CD6ECFE00C72F24 /* ImageURLSet.swift */,
				23ECAC2A1CDF9B1100DCAB08 /* Glass.swift */,
				2398559B1CE100A0001CA4AC /* Available.swift */,
				238646011CD3F47000170B2D /* Beer */,
				238646071CD3F7D200170B2D /* Brewery */,
			);
			path = BreweryDB;
			sourceTree = "<group>";
		};
		23FF53D01C397A7B0094249C /* BreweryDBTests */ = {
			isa = PBXGroup;
			children = (
				23FF53D11C397A7B0094249C /* BreweryDBTests.swift */,
				23FF53D31C397A7B0094249C /* Info.plist */,
				238646021CD3F47700170B2D /* BeerTests */,
				2386460E1CD3FE1D00170B2D /* BreweryTests */,
				23DF758C1C5D14D700D5D218 /* RequestBuilderTests.swift */,
				23561F2D1C70EB8F00B2454A /* BreweryDBTests-Bridging-Header.h */,
			);
			path = BreweryDBTests;
			sourceTree = "<group>";
		};
		301A9BEC1D3A337499F5A2A8 /* Pods */ = {
			isa = PBXGroup;
			children = (
				9DE5DF23C3227D92002200AE /* Pods-BreweryDBTests.debug.xcconfig */,
				6D6E09977C417B5C266478E3 /* Pods-BreweryDBTests.release.xcconfig */,
			);
			name = Pods;
			sourceTree = "<group>";
		};
/* End PBXGroup section */

/* Begin PBXHeadersBuildPhase section */
		23FF53BF1C397A7B0094249C /* Headers */ = {
			isa = PBXHeadersBuildPhase;
			buildActionMask = 2147483647;
			files = (
				23FF53C61C397A7B0094249C /* BreweryDB.h in Headers */,
			);
			runOnlyForDeploymentPostprocessing = 0;
		};
/* End PBXHeadersBuildPhase section */

/* Begin PBXNativeTarget section */
		23FF53C11C397A7B0094249C /* BreweryDB */ = {
			isa = PBXNativeTarget;
			buildConfigurationList = 23FF53D61C397A7B0094249C /* Build configuration list for PBXNativeTarget "BreweryDB" */;
			buildPhases = (
				23FF53BD1C397A7B0094249C /* Sources */,
				23FF53BE1C397A7B0094249C /* Frameworks */,
				23FF53BF1C397A7B0094249C /* Headers */,
				23FF53C01C397A7B0094249C /* Resources */,
			);
			buildRules = (
			);
			dependencies = (
			);
			name = BreweryDB;
			productName = BreweryDB;
			productReference = 23FF53C21C397A7B0094249C /* BreweryDB.framework */;
			productType = "com.apple.product-type.framework";
		};
		23FF53CB1C397A7B0094249C /* BreweryDBTests */ = {
			isa = PBXNativeTarget;
			buildConfigurationList = 23FF53D91C397A7B0094249C /* Build configuration list for PBXNativeTarget "BreweryDBTests" */;
			buildPhases = (
				9A97658A2D048E026AB9384C /* Check Pods Manifest.lock */,
				23FF53C81C397A7B0094249C /* Sources */,
				23FF53C91C397A7B0094249C /* Frameworks */,
				23FF53CA1C397A7B0094249C /* Resources */,
				D7EAC6DCD8DF39174CA9FB7D /* Embed Pods Frameworks */,
				0917E24DA1233F0CC99E6991 /* Copy Pods Resources */,
			);
			buildRules = (
			);
			dependencies = (
				23FF53CF1C397A7B0094249C /* PBXTargetDependency */,
			);
			name = BreweryDBTests;
			productName = BreweryDBTests;
			productReference = 23FF53CC1C397A7B0094249C /* BreweryDBTests.xctest */;
			productType = "com.apple.product-type.bundle.unit-test";
		};
/* End PBXNativeTarget section */

/* Begin PBXProject section */
		23FF53B91C397A7B0094249C /* Project object */ = {
			isa = PBXProject;
			attributes = {
				LastSwiftUpdateCheck = 0720;
				LastUpgradeCheck = 0720;
				ORGANIZATIONNAME = "Jake Welton";
				TargetAttributes = {
					23FF53C11C397A7B0094249C = {
						CreatedOnToolsVersion = 7.2;
						DevelopmentTeam = 5SLHXDMNZ3;
					};
					23FF53CB1C397A7B0094249C = {
						CreatedOnToolsVersion = 7.2;
					};
				};
			};
			buildConfigurationList = 23FF53BC1C397A7B0094249C /* Build configuration list for PBXProject "BreweryDB" */;
			compatibilityVersion = "Xcode 3.2";
			developmentRegion = English;
			hasScannedForEncodings = 0;
			knownRegions = (
				en,
			);
			mainGroup = 23FF53B81C397A7B0094249C;
			productRefGroup = 23FF53C31C397A7B0094249C /* Products */;
			projectDirPath = "";
			projectRoot = "";
			targets = (
				23FF53C11C397A7B0094249C /* BreweryDB */,
				23FF53CB1C397A7B0094249C /* BreweryDBTests */,
			);
		};
/* End PBXProject section */

/* Begin PBXResourcesBuildPhase section */
		23FF53C01C397A7B0094249C /* Resources */ = {
			isa = PBXResourcesBuildPhase;
			buildActionMask = 2147483647;
			files = (
			);
			runOnlyForDeploymentPostprocessing = 0;
		};
		23FF53CA1C397A7B0094249C /* Resources */ = {
			isa = PBXResourcesBuildPhase;
			buildActionMask = 2147483647;
			files = (
				23849A8C1CD6DD2900C72F24 /* testBreweryJSON.json in Resources */,
				233CB5CD1CD48520000E36B7 /* testBeerJSON.json in Resources */,
			);
			runOnlyForDeploymentPostprocessing = 0;
		};
/* End PBXResourcesBuildPhase section */

/* Begin PBXShellScriptBuildPhase section */
		0917E24DA1233F0CC99E6991 /* Copy Pods Resources */ = {
			isa = PBXShellScriptBuildPhase;
			buildActionMask = 2147483647;
			files = (
			);
			inputPaths = (
			);
			name = "Copy Pods Resources";
			outputPaths = (
			);
			runOnlyForDeploymentPostprocessing = 0;
			shellPath = /bin/sh;
			shellScript = "\"${SRCROOT}/Pods/Target Support Files/Pods-BreweryDBTests/Pods-BreweryDBTests-resources.sh\"\n";
			showEnvVarsInLog = 0;
		};
		9A97658A2D048E026AB9384C /* Check Pods Manifest.lock */ = {
			isa = PBXShellScriptBuildPhase;
			buildActionMask = 2147483647;
			files = (
			);
			inputPaths = (
			);
			name = "Check Pods Manifest.lock";
			outputPaths = (
			);
			runOnlyForDeploymentPostprocessing = 0;
			shellPath = /bin/sh;
			shellScript = "diff \"${PODS_ROOT}/../Podfile.lock\" \"${PODS_ROOT}/Manifest.lock\" > /dev/null\nif [[ $? != 0 ]] ; then\n    cat << EOM\nerror: The sandbox is not in sync with the Podfile.lock. Run 'pod install' or update your CocoaPods installation.\nEOM\n    exit 1\nfi\n";
			showEnvVarsInLog = 0;
		};
		D7EAC6DCD8DF39174CA9FB7D /* Embed Pods Frameworks */ = {
			isa = PBXShellScriptBuildPhase;
			buildActionMask = 2147483647;
			files = (
			);
			inputPaths = (
			);
			name = "Embed Pods Frameworks";
			outputPaths = (
			);
			runOnlyForDeploymentPostprocessing = 0;
			shellPath = /bin/sh;
			shellScript = "\"${SRCROOT}/Pods/Target Support Files/Pods-BreweryDBTests/Pods-BreweryDBTests-frameworks.sh\"\n";
			showEnvVarsInLog = 0;
		};
/* End PBXShellScriptBuildPhase section */

/* Begin PBXSourcesBuildPhase section */
		23FF53BD1C397A7B0094249C /* Sources */ = {
			isa = PBXSourcesBuildPhase;
			buildActionMask = 2147483647;
			files = (
				23849A8E1CD6ECFE00C72F24 /* ImageURLSet.swift in Sources */,
				238646061CD3F6FD00170B2D /* BreweryRequest.swift in Sources */,
				233CB5C21CD47E10000E36B7 /* JSONParser.swift in Sources */,
				23FF53E41C39831B0094249C /* BreweryDB.swift in Sources */,
				23FF53E61C3985660094249C /* Beer.swift in Sources */,
				23ECAC2B1CDF9B1100DCAB08 /* Glass.swift in Sources */,
				233ECF031C4063A40050971B /* BeerRequest.swift in Sources */,
				238646041CD3F4CC00170B2D /* Brewery.swift in Sources */,
				23DF758B1C5D0E9C00D5D218 /* RequestBuilder.swift in Sources */,
				2398559C1CE100A0001CA4AC /* Available.swift in Sources */,
			);
			runOnlyForDeploymentPostprocessing = 0;
		};
		23FF53C81C397A7B0094249C /* Sources */ = {
			isa = PBXSourcesBuildPhase;
			buildActionMask = 2147483647;
			files = (
				2386460D1CD3FBB100170B2D /* BreweryRequestTests.swift in Sources */,
				23849A8A1CD6DAC800C72F24 /* BreweryJSONParserTests.swift in Sources */,
				238646091CD3F81100170B2D /* BreweryTests.swift in Sources */,
				23FF53D21C397A7B0094249C /* BreweryDBTests.swift in Sources */,
				23FF53E81C3985760094249C /* BeerTests.swift in Sources */,
				233BF36E1CD4880A00A536AB /* BeerJSONParserTests.swift in Sources */,
				233ECF051C4063CC0050971B /* BeerRequestTests.swift in Sources */,
				23DF758D1C5D14D700D5D218 /* RequestBuilderTests.swift in Sources */,
			);
			runOnlyForDeploymentPostprocessing = 0;
		};
/* End PBXSourcesBuildPhase section */

/* Begin PBXTargetDependency section */
		23FF53CF1C397A7B0094249C /* PBXTargetDependency */ = {
			isa = PBXTargetDependency;
			target = 23FF53C11C397A7B0094249C /* BreweryDB */;
			targetProxy = 23FF53CE1C397A7B0094249C /* PBXContainerItemProxy */;
		};
/* End PBXTargetDependency section */

/* Begin XCBuildConfiguration section */
		23FF53D41C397A7B0094249C /* Debug */ = {
			isa = XCBuildConfiguration;
			buildSettings = {
				ALWAYS_SEARCH_USER_PATHS = NO;
				CLANG_CXX_LANGUAGE_STANDARD = "gnu++0x";
				CLANG_CXX_LIBRARY = "libc++";
				CLANG_ENABLE_MODULES = YES;
				CLANG_ENABLE_OBJC_ARC = YES;
				CLANG_WARN_BOOL_CONVERSION = YES;
				CLANG_WARN_CONSTANT_CONVERSION = YES;
				CLANG_WARN_DIRECT_OBJC_ISA_USAGE = YES_ERROR;
				CLANG_WARN_EMPTY_BODY = YES;
				CLANG_WARN_ENUM_CONVERSION = YES;
				CLANG_WARN_INT_CONVERSION = YES;
				CLANG_WARN_OBJC_ROOT_CLASS = YES_ERROR;
				CLANG_WARN_UNREACHABLE_CODE = YES;
				CLANG_WARN__DUPLICATE_METHOD_MATCH = YES;
				"CODE_SIGN_IDENTITY[sdk=iphoneos*]" = "iPhone Developer";
				COPY_PHASE_STRIP = NO;
				CURRENT_PROJECT_VERSION = 1;
				DEBUG_INFORMATION_FORMAT = dwarf;
				ENABLE_STRICT_OBJC_MSGSEND = YES;
				ENABLE_TESTABILITY = YES;
				GCC_C_LANGUAGE_STANDARD = gnu99;
				GCC_DYNAMIC_NO_PIC = NO;
				GCC_NO_COMMON_BLOCKS = YES;
				GCC_OPTIMIZATION_LEVEL = 0;
				GCC_PREPROCESSOR_DEFINITIONS = (
					"DEBUG=1",
					"$(inherited)",
				);
				GCC_WARN_64_TO_32_BIT_CONVERSION = YES;
				GCC_WARN_ABOUT_RETURN_TYPE = YES_ERROR;
				GCC_WARN_UNDECLARED_SELECTOR = YES;
				GCC_WARN_UNINITIALIZED_AUTOS = YES_AGGRESSIVE;
				GCC_WARN_UNUSED_FUNCTION = YES;
				GCC_WARN_UNUSED_VARIABLE = YES;
				IPHONEOS_DEPLOYMENT_TARGET = 9.2;
				MTL_ENABLE_DEBUG_INFO = YES;
				ONLY_ACTIVE_ARCH = YES;
				SDKROOT = iphoneos;
				SWIFT_OPTIMIZATION_LEVEL = "-Onone";
				TARGETED_DEVICE_FAMILY = "1,2";
				VERSIONING_SYSTEM = "apple-generic";
				VERSION_INFO_PREFIX = "";
			};
			name = Debug;
		};
		23FF53D51C397A7B0094249C /* Release */ = {
			isa = XCBuildConfiguration;
			buildSettings = {
				ALWAYS_SEARCH_USER_PATHS = NO;
				CLANG_CXX_LANGUAGE_STANDARD = "gnu++0x";
				CLANG_CXX_LIBRARY = "libc++";
				CLANG_ENABLE_MODULES = YES;
				CLANG_ENABLE_OBJC_ARC = YES;
				CLANG_WARN_BOOL_CONVERSION = YES;
				CLANG_WARN_CONSTANT_CONVERSION = YES;
				CLANG_WARN_DIRECT_OBJC_ISA_USAGE = YES_ERROR;
				CLANG_WARN_EMPTY_BODY = YES;
				CLANG_WARN_ENUM_CONVERSION = YES;
				CLANG_WARN_INT_CONVERSION = YES;
				CLANG_WARN_OBJC_ROOT_CLASS = YES_ERROR;
				CLANG_WARN_UNREACHABLE_CODE = YES;
				CLANG_WARN__DUPLICATE_METHOD_MATCH = YES;
				"CODE_SIGN_IDENTITY[sdk=iphoneos*]" = "iPhone Developer";
				COPY_PHASE_STRIP = NO;
				CURRENT_PROJECT_VERSION = 1;
				DEBUG_INFORMATION_FORMAT = "dwarf-with-dsym";
				ENABLE_NS_ASSERTIONS = NO;
				ENABLE_STRICT_OBJC_MSGSEND = YES;
				GCC_C_LANGUAGE_STANDARD = gnu99;
				GCC_NO_COMMON_BLOCKS = YES;
				GCC_WARN_64_TO_32_BIT_CONVERSION = YES;
				GCC_WARN_ABOUT_RETURN_TYPE = YES_ERROR;
				GCC_WARN_UNDECLARED_SELECTOR = YES;
				GCC_WARN_UNINITIALIZED_AUTOS = YES_AGGRESSIVE;
				GCC_WARN_UNUSED_FUNCTION = YES;
				GCC_WARN_UNUSED_VARIABLE = YES;
				IPHONEOS_DEPLOYMENT_TARGET = 9.2;
				MTL_ENABLE_DEBUG_INFO = NO;
				SDKROOT = iphoneos;
				TARGETED_DEVICE_FAMILY = "1,2";
				VALIDATE_PRODUCT = YES;
				VERSIONING_SYSTEM = "apple-generic";
				VERSION_INFO_PREFIX = "";
			};
			name = Release;
		};
		23FF53D71C397A7B0094249C /* Debug */ = {
			isa = XCBuildConfiguration;
			buildSettings = {
				CLANG_ENABLE_MODULES = YES;
				CODE_SIGN_IDENTITY = "iPhone Developer";
				"CODE_SIGN_IDENTITY[sdk=iphoneos*]" = "iPhone Developer";
				DEFINES_MODULE = YES;
				DYLIB_COMPATIBILITY_VERSION = 1;
				DYLIB_CURRENT_VERSION = 1;
				DYLIB_INSTALL_NAME_BASE = "@rpath";
				FRAMEWORK_SEARCH_PATHS = "$(inherited)";
				INFOPLIST_FILE = BreweryDB/Info.plist;
				INSTALL_PATH = "$(LOCAL_LIBRARY_DIR)/Frameworks";
				IPHONEOS_DEPLOYMENT_TARGET = 9.1;
				LD_RUNPATH_SEARCH_PATHS = "$(inherited) @executable_path/Frameworks @loader_path/Frameworks";
				PRODUCT_BUNDLE_IDENTIFIER = com.jakewelton.BreweryDB;
				PRODUCT_NAME = "$(TARGET_NAME)";
				PROVISIONING_PROFILE = "";
				SKIP_INSTALL = YES;
				SWIFT_OPTIMIZATION_LEVEL = "-Onone";
			};
			name = Debug;
		};
		23FF53D81C397A7B0094249C /* Release */ = {
			isa = XCBuildConfiguration;
			buildSettings = {
				CLANG_ENABLE_MODULES = YES;
				CODE_SIGN_IDENTITY = "iPhone Developer";
				"CODE_SIGN_IDENTITY[sdk=iphoneos*]" = "iPhone Developer";
				DEFINES_MODULE = YES;
				DYLIB_COMPATIBILITY_VERSION = 1;
				DYLIB_CURRENT_VERSION = 1;
				DYLIB_INSTALL_NAME_BASE = "@rpath";
				FRAMEWORK_SEARCH_PATHS = "$(inherited)";
				INFOPLIST_FILE = BreweryDB/Info.plist;
				INSTALL_PATH = "$(LOCAL_LIBRARY_DIR)/Frameworks";
				IPHONEOS_DEPLOYMENT_TARGET = 9.1;
				LD_RUNPATH_SEARCH_PATHS = "$(inherited) @executable_path/Frameworks @loader_path/Frameworks";
				PRODUCT_BUNDLE_IDENTIFIER = com.jakewelton.BreweryDB;
				PRODUCT_NAME = "$(TARGET_NAME)";
				PROVISIONING_PROFILE = "";
				SKIP_INSTALL = YES;
			};
			name = Release;
		};
		23FF53DA1C397A7B0094249C /* Debug */ = {
			isa = XCBuildConfiguration;
			baseConfigurationReference = 9DE5DF23C3227D92002200AE /* Pods-BreweryDBTests.debug.xcconfig */;
			buildSettings = {
				CLANG_ENABLE_MODULES = YES;
				INFOPLIST_FILE = BreweryDBTests/Info.plist;
				IPHONEOS_DEPLOYMENT_TARGET = 9.1;
				LD_RUNPATH_SEARCH_PATHS = "$(inherited) @executable_path/Frameworks @loader_path/Frameworks";
				PRODUCT_BUNDLE_IDENTIFIER = com.jakewelton.BreweryDBTests;
				PRODUCT_NAME = "$(TARGET_NAME)";
				SWIFT_OBJC_BRIDGING_HEADER = "BreweryDBTests/BreweryDBTests-Bridging-Header.h";
				SWIFT_OPTIMIZATION_LEVEL = "-Onone";
			};
			name = Debug;
		};
		23FF53DB1C397A7B0094249C /* Release */ = {
			isa = XCBuildConfiguration;
			baseConfigurationReference = 6D6E09977C417B5C266478E3 /* Pods-BreweryDBTests.release.xcconfig */;
			buildSettings = {
				CLANG_ENABLE_MODULES = YES;
				INFOPLIST_FILE = BreweryDBTests/Info.plist;
				IPHONEOS_DEPLOYMENT_TARGET = 9.1;
				LD_RUNPATH_SEARCH_PATHS = "$(inherited) @executable_path/Frameworks @loader_path/Frameworks";
				PRODUCT_BUNDLE_IDENTIFIER = com.jakewelton.BreweryDBTests;
				PRODUCT_NAME = "$(TARGET_NAME)";
				SWIFT_OBJC_BRIDGING_HEADER = "BreweryDBTests/BreweryDBTests-Bridging-Header.h";
			};
			name = Release;
		};
/* End XCBuildConfiguration section */

/* Begin XCConfigurationList section */
		23FF53BC1C397A7B0094249C /* Build configuration list for PBXProject "BreweryDB" */ = {
			isa = XCConfigurationList;
			buildConfigurations = (
				23FF53D41C397A7B0094249C /* Debug */,
				23FF53D51C397A7B0094249C /* Release */,
			);
			defaultConfigurationIsVisible = 0;
			defaultConfigurationName = Release;
		};
		23FF53D61C397A7B0094249C /* Build configuration list for PBXNativeTarget "BreweryDB" */ = {
			isa = XCConfigurationList;
			buildConfigurations = (
				23FF53D71C397A7B0094249C /* Debug */,
				23FF53D81C397A7B0094249C /* Release */,
			);
			defaultConfigurationIsVisible = 0;
			defaultConfigurationName = Release;
		};
		23FF53D91C397A7B0094249C /* Build configuration list for PBXNativeTarget "BreweryDBTests" */ = {
			isa = XCConfigurationList;
			buildConfigurations = (
				23FF53DA1C397A7B0094249C /* Debug */,
				23FF53DB1C397A7B0094249C /* Release */,
			);
			defaultConfigurationIsVisible = 0;
			defaultConfigurationName = Release;
		};
/* End XCConfigurationList section */
	};
	rootObject = 23FF53B91C397A7B0094249C /* Project object */;
}
